
Microsoft Visual Studio Solution File, Format Version 12.00
# Visual Studio Version 17
VisualStudioVersion = 17.0.32126.317
MinimumVisualStudioVersion = 10.0.40219.1
Project("{9A19103F-16F7-4668-BE54-9A1E7A4F7556}") = "CompanyEmployees", "CompanyEmployees\CompanyEmployees.csproj", "{D4CC9B8A-527D-4A22-9780-69A815F72E06}"
EndProject
Project("{9A19103F-16F7-4668-BE54-9A1E7A4F7556}") = "MiddlewareExample", "MiddlewareExample\MiddlewareExample.csproj", "{92E7AEA4-C721-4B9D-B728-662CF07920CC}"
EndProject
Project("{9A19103F-16F7-4668-BE54-9A1E7A4F7556}") = "Contracts", "Contracts\Contracts.csproj", "{4D22724A-851D-4601-AECE-5A12F63C2A5E}"
EndProject
Project("{9A19103F-16F7-4668-BE54-9A1E7A4F7556}") = "LoggerService", "LoggerService\LoggerService.csproj", "{C8D9314C-5C8F-44BA-BEAE-FF22FBDEABBF}"
EndProject
Project("{9A19103F-16F7-4668-BE54-9A1E7A4F7556}") = "Entities", "Entities\Entities.csproj", "{F3E86EF2-EEC2-4488-BA8B-79161C37D682}"
EndProject
Project("{9A19103F-16F7-4668-BE54-9A1E7A4F7556}") = "Repository", "Repository\Repository.csproj", "{A32FF525-44B8-4545-BAFC-9E1CA9687871}"
EndProject
Project("{9A19103F-16F7-4668-BE54-9A1E7A4F7556}") = "Service.Contracts", "Service.Contracts\Service.Contracts.csproj", "{ED6312D2-E9CB-4858-9535-E9372653FFF7}"
EndProject
Project("{9A19103F-16F7-4668-BE54-9A1E7A4F7556}") = "Service", "Service\Service.csproj", "{B316254C-02F1-4933-9A71-752954134517}"
EndProject
Project("{9A19103F-16F7-4668-BE54-9A1E7A4F7556}") = "CompanyEmployees.Presentation", "CompanyEmployees.Presentation\CompanyEmployees.Presentation.csproj", "{A93D1E62-E444-48F8-BF23-6C0372FEDCAA}"
EndProject
Project("{9A19103F-16F7-4668-BE54-9A1E7A4F7556}") = "Shared", "Shared\Shared.csproj", "{1560703C-114E-4B7C-A1F3-191A342E58AE}"
EndProject
Global
	GlobalSection(SolutionConfigurationPlatforms) = preSolution
		Debug|Any CPU = Debug|Any CPU
		Release|Any CPU = Release|Any CPU
	EndGlobalSection
	GlobalSection(ProjectConfigurationPlatforms) = postSolution
		{D4CC9B8A-527D-4A22-9780-69A815F72E06}.Debug|Any CPU.ActiveCfg = Debug|Any CPU
		{D4CC9B8A-527D-4A22-9780-69A815F72E06}.Debug|Any CPU.Build.0 = Debug|Any CPU
		{D4CC9B8A-527D-4A22-9780-69A815F72E06}.Release|Any CPU.ActiveCfg = Release|Any CPU
		{D4CC9B8A-527D-4A22-9780-69A815F72E06}.Release|Any CPU.Build.0 = Release|Any CPU
		{92E7AEA4-C721-4B9D-B728-662CF07920CC}.Debug|Any CPU.ActiveCfg = Debug|Any CPU
		{92E7AEA4-C721-4B9D-B728-662CF07920CC}.Debug|Any CPU.Build.0 = Debug|Any CPU
		{92E7AEA4-C721-4B9D-B728-662CF07920CC}.Release|Any CPU.ActiveCfg = Release|Any CPU
		{92E7AEA4-C721-4B9D-B728-662CF07920CC}.Release|Any CPU.Build.0 = Release|Any CPU
		{4D22724A-851D-4601-AECE-5A12F63C2A5E}.Debug|Any CPU.ActiveCfg = Debug|Any CPU
		{4D22724A-851D-4601-AECE-5A12F63C2A5E}.Debug|Any CPU.Build.0 = Debug|Any CPU
		{4D22724A-851D-4601-AECE-5A12F63C2A5E}.Release|Any CPU.ActiveCfg = Release|Any CPU
		{4D22724A-851D-4601-AECE-5A12F63C2A5E}.Release|Any CPU.Build.0 = Release|Any CPU
		{C8D9314C-5C8F-44BA-BEAE-FF22FBDEABBF}.Debug|Any CPU.ActiveCfg = Debug|Any CPU
		{C8D9314C-5C8F-44BA-BEAE-FF22FBDEABBF}.Debug|Any CPU.Build.0 = Debug|Any CPU
		{C8D9314C-5C8F-44BA-BEAE-FF22FBDEABBF}.Release|Any CPU.ActiveCfg = Release|Any CPU
		{C8D9314C-5C8F-44BA-BEAE-FF22FBDEABBF}.Release|Any CPU.Build.0 = Release|Any CPU
		{F3E86EF2-EEC2-4488-BA8B-79161C37D682}.Debug|Any CPU.ActiveCfg = Debug|Any CPU
		{F3E86EF2-EEC2-4488-BA8B-79161C37D682}.Debug|Any CPU.Build.0 = Debug|Any CPU
		{F3E86EF2-EEC2-4488-BA8B-79161C37D682}.Release|Any CPU.ActiveCfg = Release|Any CPU
		{F3E86EF2-EEC2-4488-BA8B-79161C37D682}.Release|Any CPU.Build.0 = Release|Any CPU
		{A32FF525-44B8-4545-BAFC-9E1CA9687871}.Debug|Any CPU.ActiveCfg = Debug|Any CPU
		{A32FF525-44B8-4545-BAFC-9E1CA9687871}.Debug|Any CPU.Build.0 = Debug|Any CPU
		{A32FF525-44B8-4545-BAFC-9E1CA9687871}.Release|Any CPU.ActiveCfg = Release|Any CPU
		{A32FF525-44B8-4545-BAFC-9E1CA9687871}.Release|Any CPU.Build.0 = Release|Any CPU
		{ED6312D2-E9CB-4858-9535-E9372653FFF7}.Debug|Any CPU.ActiveCfg = Debug|Any CPU
		{ED6312D2-E9CB-4858-9535-E9372653FFF7}.Debug|Any CPU.Build.0 = Debug|Any CPU
		{ED6312D2-E9CB-4858-9535-E9372653FFF7}.Release|Any CPU.ActiveCfg = Release|Any CPU
		{ED6312D2-E9CB-4858-9535-E9372653FFF7}.Release|Any CPU.Build.0 = Release|Any CPU
		{B316254C-02F1-4933-9A71-752954134517}.Debug|Any CPU.ActiveCfg = Debug|Any CPU
		{B316254C-02F1-4933-9A71-752954134517}.Debug|Any CPU.Build.0 = Debug|Any CPU
		{B316254C-02F1-4933-9A71-752954134517}.Release|Any CPU.ActiveCfg = Release|Any CPU
		{B316254C-02F1-4933-9A71-752954134517}.Release|Any CPU.Build.0 = Release|Any CPU
		{A93D1E62-E444-48F8-BF23-6C0372FEDCAA}.Debug|Any CPU.ActiveCfg = Debug|Any CPU
		{A93D1E62-E444-48F8-BF23-6C0372FEDCAA}.Debug|Any CPU.Build.0 = Debug|Any CPU
		{A93D1E62-E444-48F8-BF23-6C0372FEDCAA}.Release|Any CPU.ActiveCfg = Release|Any CPU
		{A93D1E62-E444-48F8-BF23-6C0372FEDCAA}.Release|Any CPU.Build.0 = Release|Any CPU
		{1560703C-114E-4B7C-A1F3-191A342E58AE}.Debug|Any CPU.ActiveCfg = Debug|Any CPU
		{1560703C-114E-4B7C-A1F3-191A342E58AE}.Debug|Any CPU.Build.0 = Debug|Any CPU
		{1560703C-114E-4B7C-A1F3-191A342E58AE}.Release|Any CPU.ActiveCfg = Release|Any CPU
		{1560703C-114E-4B7C-A1F3-191A342E58AE}.Release|Any CPU.Build.0 = Release|Any CPU
	EndGlobalSection
	GlobalSection(SolutionProperties) = preSolution
		HideSolutionNode = FALSE
	EndGlobalSection
	GlobalSection(ExtensibilityGlobals) = postSolution
		SolutionGuid = {53F80966-EA2C-4B01-AC71-C5A9C4CC5920}
	EndGlobalSection
EndGlobal
